{
  "name": "jobcan_sum",
  "version": "1.0.0",
  "lockfileVersion": 2,
  "requires": true,
  "packages": {
    "": {
      "name": "jobcan_sum",
      "version": "1.0.0",
      "license": "MIT",
      "dependencies": {
        "@neos21/bookmarkletify": "^0.0.5"
      }
    },
    "node_modules/@neos21/bookmarkletify": {
      "version": "0.0.5",
      "resolved": "https://registry.npmjs.org/@neos21/bookmarkletify/-/bookmarkletify-0.0.5.tgz",
      "integrity": "sha512-CLRyr7kx2tLVeQTWfyxjLcM6+JK7A5XdXnk1Zr3Nsa6HREBTVL2MQorAI9O7f+FXv4lO/D4FR+P2efB7l7bMRw==",
      "dependencies": {
        "uglify-js": "3.17.0"
      },
      "bin": {
        "bookmarkletify": "cli.mjs"
      },
      "funding": {
        "type": "github",
        "url": "https://github.com/sponsors/Neos21"
      }
    },
    "node_modules/uglify-js": {
      "version": "3.17.0",
      "resolved": "https://registry.npmjs.org/uglify-js/-/uglify-js-3.17.0.tgz",
      "integrity": "sha512-aTeNPVmgIMPpm1cxXr2Q/nEbvkmV8yq66F3om7X3P/cvOXQ0TMQ64Wk63iyT1gPlmdmGzjGpyLh1f3y8MZWXGg==",
      "bin": {
        "uglifyjs": "bin/uglifyjs"
      },
      "engines": {
        "node": ">=0.8.0"
      }
    }
  },
  "dependencies": {
    "@neos21/bookmarkletify": {
      "version": "0.0.5",
      "resolved": "https://registry.npmjs.org/@neos21/bookmarkletify/-/bookmarkletify-0.0.5.tgz",
      "integrity": "sha512-CLRyr7kx2tLVeQTWfyxjLcM6+JK7A5XdXnk1Zr3Nsa6HREBTVL2MQorAI9O7f+FXv4lO/D4FR+P2efB7l7bMRw==",
      "requires": {
        "uglify-js": "3.17.0"
      }
    },
    "uglify-js": {
      "version": "3.17.0",
      "resolved": "https://registry.npmjs.org/uglify-js/-/uglify-js-3.17.0.tgz",
      "integrity": "sha512-aTeNPVmgIMPpm1cxXr2Q/nEbvkmV8yq66F3om7X3P/cvOXQ0TMQ64Wk63iyT1gPlmdmGzjGpyLh1f3y8MZWXGg=="
    }
  }
}
